
Microsoft Visual Studio Solution File, Format Version 12.00
# Visual Studio 15
VisualStudioVersion = 15.0.28307.645
MinimumVisualStudioVersion = 10.0.40219.1
Project("{FAE04EC0-301F-11D3-BF4B-00C04F79EFBC}") = "CaseEngine.Core", "CaseEngine.Core\CaseEngine.Core.csproj", "{092809E9-789E-4272-BDA7-93AECCEC4476}"
EndProject
Project("{FAE04EC0-301F-11D3-BF4B-00C04F79EFBC}") = "CaseEngine.Runtime", "CaseEngine.Runtime\CaseEngine.Runtime.csproj", "{967DF326-037D-42B3-9BF2-049737132741}"
EndProject
Global
	GlobalSection(SolutionConfigurationPlatforms) = preSolution
		Debug|Any CPU = Debug|Any CPU
		Release|Any CPU = Release|Any CPU
	EndGlobalSection
	GlobalSection(ProjectConfigurationPlatforms) = postSolution
		{092809E9-789E-4272-BDA7-93AECCEC4476}.Debug|Any CPU.ActiveCfg = Debug|Any CPU
		{092809E9-789E-4272-BDA7-93AECCEC4476}.Debug|Any CPU.Build.0 = Debug|Any CPU
		{092809E9-789E-4272-BDA7-93AECCEC4476}.Release|Any CPU.ActiveCfg = Release|Any CPU
		{092809E9-789E-4272-BDA7-93AECCEC4476}.Release|Any CPU.Build.0 = Release|Any CPU
		{967DF326-037D-42B3-9BF2-049737132741}.Debug|Any CPU.ActiveCfg = Debug|Any CPU
		{967DF326-037D-42B3-9BF2-049737132741}.Debug|Any CPU.Build.0 = Debug|Any CPU
		{967DF326-037D-42B3-9BF2-049737132741}.Release|Any CPU.ActiveCfg = Release|Any CPU
		{967DF326-037D-42B3-9BF2-049737132741}.Release|Any CPU.Build.0 = Release|Any CPU
	EndGlobalSection
	GlobalSection(SolutionProperties) = preSolution
		HideSolutionNode = FALSE
	EndGlobalSection
	GlobalSection(ExtensibilityGlobals) = postSolution
		SolutionGuid = {40D1229B-61CA-4DAA-957E-F4DB01B678BE}
	EndGlobalSection
EndGlobal
